
Microsoft Visual Studio Solution File, Format Version 12.00
# Visual Studio Version 16
VisualStudioVersion = 16.0.28803.202
MinimumVisualStudioVersion = 15.0.26124.0
Project("{2150E333-8FDC-42A3-9474-1A3956D46DE8}") = "src", "src", "{7EB67207-454D-4A3C-A9CA-59B42918EF82}"
EndProject
Project("{2150E333-8FDC-42A3-9474-1A3956D46DE8}") = "test", "test", "{71C7FD14-16C7-48F8-BCD7-0F5F84E79F71}"
EndProject
Project("{2150E333-8FDC-42A3-9474-1A3956D46DE8}") = "Solution Items", "Solution Items", "{54358DF5-1B32-44D8-835C-E02D4677A532}"
	ProjectSection(SolutionItems) = preProject
		.gitignore = .gitignore
		azure-pipelines.yml = azure-pipelines.yml
		Dockerfile = Dockerfile
		LICENSE = LICENSE
		README.md = README.md
	EndProjectSection
EndProject
Project("{9A19103F-16F7-4668-BE54-9A1E7A4F7556}") = "KeyVaultEmulator", "src\KeyVaultEmulator\KeyVaultEmulator.csproj", "{FBE41D71-BCF8-44AF-8E0D-B0C21D1DE28F}"
EndProject
Project("{9A19103F-16F7-4668-BE54-9A1E7A4F7556}") = "KeyVaultEmulator.UnitTests", "test\KeyVaultEmulator.UnitTests\KeyVaultEmulator.UnitTests.csproj", "{400FBAF2-ECAB-4E55-8A84-D83E1180DC5E}"
EndProject
Project("{9A19103F-16F7-4668-BE54-9A1E7A4F7556}") = "KeyVaultEmulator.AcceptanceTests", "test\KeyVaultEmulator.AcceptanceTests\KeyVaultEmulator.AcceptanceTests.csproj", "{03703A82-993B-4F94-A5AE-C2E5C8365ACB}"
EndProject
Global
	GlobalSection(SolutionConfigurationPlatforms) = preSolution
		Debug|Any CPU = Debug|Any CPU
		Debug|x64 = Debug|x64
		Debug|x86 = Debug|x86
		Release|Any CPU = Release|Any CPU
		Release|x64 = Release|x64
		Release|x86 = Release|x86
	EndGlobalSection
	GlobalSection(ProjectConfigurationPlatforms) = postSolution
		{FBE41D71-BCF8-44AF-8E0D-B0C21D1DE28F}.Debug|Any CPU.ActiveCfg = Debug|Any CPU
		{FBE41D71-BCF8-44AF-8E0D-B0C21D1DE28F}.Debug|Any CPU.Build.0 = Debug|Any CPU
		{FBE41D71-BCF8-44AF-8E0D-B0C21D1DE28F}.Debug|x64.ActiveCfg = Debug|Any CPU
		{FBE41D71-BCF8-44AF-8E0D-B0C21D1DE28F}.Debug|x64.Build.0 = Debug|Any CPU
		{FBE41D71-BCF8-44AF-8E0D-B0C21D1DE28F}.Debug|x86.ActiveCfg = Debug|Any CPU
		{FBE41D71-BCF8-44AF-8E0D-B0C21D1DE28F}.Debug|x86.Build.0 = Debug|Any CPU
		{FBE41D71-BCF8-44AF-8E0D-B0C21D1DE28F}.Release|Any CPU.ActiveCfg = Release|Any CPU
		{FBE41D71-BCF8-44AF-8E0D-B0C21D1DE28F}.Release|Any CPU.Build.0 = Release|Any CPU
		{FBE41D71-BCF8-44AF-8E0D-B0C21D1DE28F}.Release|x64.ActiveCfg = Release|Any CPU
		{FBE41D71-BCF8-44AF-8E0D-B0C21D1DE28F}.Release|x64.Build.0 = Release|Any CPU
		{FBE41D71-BCF8-44AF-8E0D-B0C21D1DE28F}.Release|x86.ActiveCfg = Release|Any CPU
		{FBE41D71-BCF8-44AF-8E0D-B0C21D1DE28F}.Release|x86.Build.0 = Release|Any CPU
		{400FBAF2-ECAB-4E55-8A84-D83E1180DC5E}.Debug|Any CPU.ActiveCfg = Debug|Any CPU
		{400FBAF2-ECAB-4E55-8A84-D83E1180DC5E}.Debug|Any CPU.Build.0 = Debug|Any CPU
		{400FBAF2-ECAB-4E55-8A84-D83E1180DC5E}.Debug|x64.ActiveCfg = Debug|Any CPU
		{400FBAF2-ECAB-4E55-8A84-D83E1180DC5E}.Debug|x64.Build.0 = Debug|Any CPU
		{400FBAF2-ECAB-4E55-8A84-D83E1180DC5E}.Debug|x86.ActiveCfg = Debug|Any CPU
		{400FBAF2-ECAB-4E55-8A84-D83E1180DC5E}.Debug|x86.Build.0 = Debug|Any CPU
		{400FBAF2-ECAB-4E55-8A84-D83E1180DC5E}.Release|Any CPU.ActiveCfg = Release|Any CPU
		{400FBAF2-ECAB-4E55-8A84-D83E1180DC5E}.Release|Any CPU.Build.0 = Release|Any CPU
		{400FBAF2-ECAB-4E55-8A84-D83E1180DC5E}.Release|x64.ActiveCfg = Release|Any CPU
		{400FBAF2-ECAB-4E55-8A84-D83E1180DC5E}.Release|x64.Build.0 = Release|Any CPU
		{400FBAF2-ECAB-4E55-8A84-D83E1180DC5E}.Release|x86.ActiveCfg = Release|Any CPU
		{400FBAF2-ECAB-4E55-8A84-D83E1180DC5E}.Release|x86.Build.0 = Release|Any CPU
		{03703A82-993B-4F94-A5AE-C2E5C8365ACB}.Debug|Any CPU.ActiveCfg = Debug|Any CPU
		{03703A82-993B-4F94-A5AE-C2E5C8365ACB}.Debug|Any CPU.Build.0 = Debug|Any CPU
		{03703A82-993B-4F94-A5AE-C2E5C8365ACB}.Debug|x64.ActiveCfg = Debug|Any CPU
		{03703A82-993B-4F94-A5AE-C2E5C8365ACB}.Debug|x64.Build.0 = Debug|Any CPU
		{03703A82-993B-4F94-A5AE-C2E5C8365ACB}.Debug|x86.ActiveCfg = Debug|Any CPU
		{03703A82-993B-4F94-A5AE-C2E5C8365ACB}.Debug|x86.Build.0 = Debug|Any CPU
		{03703A82-993B-4F94-A5AE-C2E5C8365ACB}.Release|Any CPU.ActiveCfg = Release|Any CPU
		{03703A82-993B-4F94-A5AE-C2E5C8365ACB}.Release|Any CPU.Build.0 = Release|Any CPU
		{03703A82-993B-4F94-A5AE-C2E5C8365ACB}.Release|x64.ActiveCfg = Release|Any CPU
		{03703A82-993B-4F94-A5AE-C2E5C8365ACB}.Release|x64.Build.0 = Release|Any CPU
		{03703A82-993B-4F94-A5AE-C2E5C8365ACB}.Release|x86.ActiveCfg = Release|Any CPU
		{03703A82-993B-4F94-A5AE-C2E5C8365ACB}.Release|x86.Build.0 = Release|Any CPU
	EndGlobalSection
	GlobalSection(SolutionProperties) = preSolution
		HideSolutionNode = FALSE
	EndGlobalSection
	GlobalSection(NestedProjects) = preSolution
		{FBE41D71-BCF8-44AF-8E0D-B0C21D1DE28F} = {7EB67207-454D-4A3C-A9CA-59B42918EF82}
		{400FBAF2-ECAB-4E55-8A84-D83E1180DC5E} = {71C7FD14-16C7-48F8-BCD7-0F5F84E79F71}
		{03703A82-993B-4F94-A5AE-C2E5C8365ACB} = {71C7FD14-16C7-48F8-BCD7-0F5F84E79F71}
	EndGlobalSection
	GlobalSection(ExtensibilityGlobals) = postSolution
		SolutionGuid = {FCF32C0B-BAFD-46CF-8ABA-1285DEEA1611}
	EndGlobalSection
EndGlobal
